{
  "name": "test-aider-forgejo",
  "version": "0.0.0",
  "lockfileVersion": 3,
  "requires": true,
  "packages": {
    "": {
      "name": "test-aider-forgejo",
      "version": "0.0.0",
      "dependencies": {
        "@conduit-harness/conduit": "file:../local-packages/conduit-harness-conduit-0.0.2-rc2.tgz",
        "@conduit-harness/conduit-runner-aider": "file:../local-packages/conduit-harness-conduit-runner-aider-0.0.2-rc2.tgz",
        "@conduit-harness/conduit-tracker-forgejo": "file:../local-packages/conduit-harness-conduit-tracker-forgejo-0.0.2-rc2.tgz"
      }
    },
    "node_modules/@conduit-harness/conduit": {
      "version": "0.0.2-rc2",
      "resolved": "file:../local-packages/conduit-harness-conduit-0.0.2-rc2.tgz",
      "integrity": "sha512-rM9hqQBBoDtUkL3AGDFFpVw/x+QV9D0wEsSE+HZdd0/cf8q1Mm7bkbPWSxnF3Aeom95K59OK/T81V2j4oesHig==",
      "dependencies": {
        "dotenv": "latest",
        "yaml": "latest",
        "zod": "latest"
      },
      "bin": {
        "conduit": "dist/cli/index.js"
      },
      "engines": {
        "node": ">=24.0.0"
      }
    },
    "node_modules/@conduit-harness/conduit-runner-aider": {
      "version": "0.0.2-rc2",
      "resolved": "file:../local-packages/conduit-harness-conduit-runner-aider-0.0.2-rc2.tgz",
      "integrity": "sha512-BhnOBUJDfbpxoz/AtGgP8SwsFAm3oGyzPz7jnGXz8QTnlzmQg/sUGETPWq8oDUkFD7zEjEFAywDpfs89aykTpA==",
      "engines": {
        "node": ">=24.0.0"
      },
      "peerDependencies": {
        "@conduit-harness/conduit": ">=0.0.2-rc2"
      }
    },
    "node_modules/@conduit-harness/conduit-tracker-forgejo": {
      "version": "0.0.2-rc2",
      "resolved": "file:../local-packages/conduit-harness-conduit-tracker-forgejo-0.0.2-rc2.tgz",
      "integrity": "sha512-vU1TbIstsFBYSYo4Rq//eB+FBK78c9gm9jn8wT4AyctglHTbewCr3n0kv3Mvfx+/UX32wERSjXiuneiofm/+iw==",
      "engines": {
        "node": ">=24.0.0"
      },
      "peerDependencies": {
        "@conduit-harness/conduit": ">=0.0.2-rc2"
      }
    },
    "node_modules/dotenv": {
      "version": "17.4.2",
      "resolved": "https://registry.npmjs.org/dotenv/-/dotenv-17.4.2.tgz",
      "integrity": "sha512-nI4U3TottKAcAD9LLud4Cb7b2QztQMUEfHbvhTH09bqXTxnSie8WnjPALV/WMCrJZ6UV/qHJ6L03OqO3LcdYZw==",
      "license": "BSD-2-Clause",
      "engines": {
        "node": ">=12"
      },
      "funding": {
        "url": "https://dotenvx.com"
      }
    },
    "node_modules/yaml": {
      "version": "2.8.4",
      "resolved": "https://registry.npmjs.org/yaml/-/yaml-2.8.4.tgz",
      "integrity": "sha512-ml/JPOj9fOQK8RNnWojA67GbZ0ApXAUlN2UQclwv2eVgTgn7O9gg9o7paZWKMp4g0H3nTLtS9LVzhkpOFIKzog==",
      "license": "ISC",
      "bin": {
        "yaml": "bin.mjs"
      },
      "engines": {
        "node": ">= 14.6"
      },
      "funding": {
        "url": "https://github.com/sponsors/eemeli"
      }
    },
    "node_modules/zod": {
      "version": "4.4.2",
      "resolved": "https://registry.npmjs.org/zod/-/zod-4.4.2.tgz",
      "integrity": "sha512-IynmDyxsEsb9RKzO3J9+4SxXnl2FTFSzNBaKKaMV6tsSk0rw9gYw9gs+JFCq/qk2LCZ78KDwyj+Z289TijSkUw==",
      "license": "MIT",
      "funding": {
        "url": "https://github.com/sponsors/colinhacks"
      }
    }
  }
}
